
Microsoft Visual Studio Solution File, Format Version 12.00
# Visual Studio Version 17
VisualStudioVersion = 17.2.32519.379
MinimumVisualStudioVersion = 10.0.40219.1
Project("{FAE04EC0-301F-11D3-BF4B-00C04F79EFBC}") = "NoteTakingApp", "NoteTakingApp\NoteTakingApp.csproj", "{43A7BA3F-CC1E-4624-944B-D4C558A742D4}"
EndProject
Global
	GlobalSection(SolutionConfigurationPlatforms) = preSolution
		Debug|Any CPU = Debug|Any CPU
		Release|Any CPU = Release|Any CPU
	EndGlobalSection
	GlobalSection(ProjectConfigurationPlatforms) = postSolution
		{43A7BA3F-CC1E-4624-944B-D4C558A742D4}.Debug|Any CPU.ActiveCfg = Debug|Any CPU
		{43A7BA3F-CC1E-4624-944B-D4C558A742D4}.Debug|Any CPU.Build.0 = Debug|Any CPU
		{43A7BA3F-CC1E-4624-944B-D4C558A742D4}.Release|Any CPU.ActiveCfg = Release|Any CPU
		{43A7BA3F-CC1E-4624-944B-D4C558A742D4}.Release|Any CPU.Build.0 = Release|Any CPU
	EndGlobalSection
	GlobalSection(SolutionProperties) = preSolution
		HideSolutionNode = FALSE
	EndGlobalSection
	GlobalSection(ExtensibilityGlobals) = postSolution
		SolutionGuid = {53251886-C840-4631-896F-36302375B42F}
	EndGlobalSection
EndGlobal
